
Microsoft Visual Studio Solution File, Format Version 12.00
# Visual Studio 2012
Project("{FAE04EC0-301F-11D3-BF4B-00C04F79EFBC}") = "Mirage.Tests", "Mirage.Tests\Mirage.Tests.csproj", "{BA2B1C44-F11D-451C-8032-3BCA904C63FA}"
EndProject
Project("{FAE04EC0-301F-11D3-BF4B-00C04F79EFBC}") = "Mirage.Cmd", "Mirage.Cmd\Mirage.Cmd.csproj", "{70972B71-BD2B-4899-9348-DB312F1BD7FA}"
EndProject
Project("{FAE04EC0-301F-11D3-BF4B-00C04F79EFBC}") = "Mirage", "Mirage\Mirage.csproj", "{600B517E-783C-4F75-8BBF-1720AA339C1F}"
EndProject
Project("{FAE04EC0-301F-11D3-BF4B-00C04F79EFBC}") = "Mirage.Cil", "Mirage.Cil\Mirage.Cil.csproj", "{D5FBB843-8650-45F0-9626-12C8356F55BC}"
EndProject
Global
	GlobalSection(SolutionConfigurationPlatforms) = preSolution
		Debug|Any CPU = Debug|Any CPU
		Release|Any CPU = Release|Any CPU
	EndGlobalSection
	GlobalSection(ProjectConfigurationPlatforms) = postSolution
		{BA2B1C44-F11D-451C-8032-3BCA904C63FA}.Debug|Any CPU.ActiveCfg = Debug|Any CPU
		{BA2B1C44-F11D-451C-8032-3BCA904C63FA}.Debug|Any CPU.Build.0 = Debug|Any CPU
		{BA2B1C44-F11D-451C-8032-3BCA904C63FA}.Release|Any CPU.ActiveCfg = Release|Any CPU
		{BA2B1C44-F11D-451C-8032-3BCA904C63FA}.Release|Any CPU.Build.0 = Release|Any CPU
		{70972B71-BD2B-4899-9348-DB312F1BD7FA}.Debug|Any CPU.ActiveCfg = Debug|Any CPU
		{70972B71-BD2B-4899-9348-DB312F1BD7FA}.Debug|Any CPU.Build.0 = Debug|Any CPU
		{70972B71-BD2B-4899-9348-DB312F1BD7FA}.Release|Any CPU.ActiveCfg = Release|Any CPU
		{70972B71-BD2B-4899-9348-DB312F1BD7FA}.Release|Any CPU.Build.0 = Release|Any CPU
		{600B517E-783C-4F75-8BBF-1720AA339C1F}.Debug|Any CPU.ActiveCfg = Debug|Any CPU
		{600B517E-783C-4F75-8BBF-1720AA339C1F}.Debug|Any CPU.Build.0 = Debug|Any CPU
		{600B517E-783C-4F75-8BBF-1720AA339C1F}.Release|Any CPU.ActiveCfg = Release|Any CPU
		{600B517E-783C-4F75-8BBF-1720AA339C1F}.Release|Any CPU.Build.0 = Release|Any CPU
		{D5FBB843-8650-45F0-9626-12C8356F55BC}.Debug|Any CPU.ActiveCfg = Debug|Any CPU
		{D5FBB843-8650-45F0-9626-12C8356F55BC}.Debug|Any CPU.Build.0 = Debug|Any CPU
		{D5FBB843-8650-45F0-9626-12C8356F55BC}.Release|Any CPU.ActiveCfg = Release|Any CPU
		{D5FBB843-8650-45F0-9626-12C8356F55BC}.Release|Any CPU.Build.0 = Release|Any CPU
	EndGlobalSection
	GlobalSection(SolutionProperties) = preSolution
		HideSolutionNode = FALSE
	EndGlobalSection
EndGlobal
